
Microsoft Visual Studio Solution File, Format Version 12.00
# Visual Studio 15
VisualStudioVersion = 15.0.28307.852
MinimumVisualStudioVersion = 10.0.40219.1
Project("{8BC9CEB8-8B4A-11D0-8D11-00A0C91BC942}") = "做题调试用", "做题调试用\做题调试用.vcxproj", "{25F7B78C-BABF-4BFA-8F78-8B15796745FC}"
EndProject
Global
	GlobalSection(SolutionConfigurationPlatforms) = preSolution
		Debug|x64 = Debug|x64
		Debug|x86 = Debug|x86
		Release|x64 = Release|x64
		Release|x86 = Release|x86
	EndGlobalSection
	GlobalSection(ProjectConfigurationPlatforms) = postSolution
		{25F7B78C-BABF-4BFA-8F78-8B15796745FC}.Debug|x64.ActiveCfg = Debug|x64
		{25F7B78C-BABF-4BFA-8F78-8B15796745FC}.Debug|x64.Build.0 = Debug|x64
		{25F7B78C-BABF-4BFA-8F78-8B15796745FC}.Debug|x86.ActiveCfg = Debug|Win32
		{25F7B78C-BABF-4BFA-8F78-8B15796745FC}.Debug|x86.Build.0 = Debug|Win32
		{25F7B78C-BABF-4BFA-8F78-8B15796745FC}.Release|x64.ActiveCfg = Release|x64
		{25F7B78C-BABF-4BFA-8F78-8B15796745FC}.Release|x64.Build.0 = Release|x64
		{25F7B78C-BABF-4BFA-8F78-8B15796745FC}.Release|x86.ActiveCfg = Release|Win32
		{25F7B78C-BABF-4BFA-8F78-8B15796745FC}.Release|x86.Build.0 = Release|Win32
	EndGlobalSection
	GlobalSection(SolutionProperties) = preSolution
		HideSolutionNode = FALSE
	EndGlobalSection
	GlobalSection(ExtensibilityGlobals) = postSolution
		SolutionGuid = {1DCB04CE-5E82-4F10-89A8-158D9C935945}
	EndGlobalSection
EndGlobal
